
Microsoft Visual Studio Solution File, Format Version 12.00
# Visual Studio Version 17
VisualStudioVersion = 17.2.32526.322
MinimumVisualStudioVersion = 10.0.40219.1
Project("{FAE04EC0-301F-11D3-BF4B-00C04F79EFBC}") = "WpfDemo", "WpfDemo\WpfDemo.csproj", "{863C0B3A-1F1D-4D27-89B1-AB33626BCB8C}"
EndProject
Global
	GlobalSection(SolutionConfigurationPlatforms) = preSolution
		Debug|Any CPU = Debug|Any CPU
		Release|Any CPU = Release|Any CPU
	EndGlobalSection
	GlobalSection(ProjectConfigurationPlatforms) = postSolution
		{863C0B3A-1F1D-4D27-89B1-AB33626BCB8C}.Debug|Any CPU.ActiveCfg = Debug|Any CPU
		{863C0B3A-1F1D-4D27-89B1-AB33626BCB8C}.Debug|Any CPU.Build.0 = Debug|Any CPU
		{863C0B3A-1F1D-4D27-89B1-AB33626BCB8C}.Release|Any CPU.ActiveCfg = Release|Any CPU
		{863C0B3A-1F1D-4D27-89B1-AB33626BCB8C}.Release|Any CPU.Build.0 = Release|Any CPU
	EndGlobalSection
	GlobalSection(SolutionProperties) = preSolution
		HideSolutionNode = FALSE
	EndGlobalSection
	GlobalSection(ExtensibilityGlobals) = postSolution
		SolutionGuid = {C7CEAC82-3EE3-4298-B397-7D14BD678AB3}
	EndGlobalSection
EndGlobal
